
Microsoft Visual Studio Solution File, Format Version 12.00
# Visual Studio 14
VisualStudioVersion = 14.0.25420.1
MinimumVisualStudioVersion = 10.0.40219.1
Project("{FAE04EC0-301F-11D3-BF4B-00C04F79EFBC}") = "AppVeyorAssemblyVersionInfoWriter", "AppVeyorAssemblyVersionInfoWriter\AppVeyorAssemblyVersionInfoWriter.csproj", "{19E6534A-8EBB-4885-AA4B-8B1F8285751F}"
EndProject
Project("{FAE04EC0-301F-11D3-BF4B-00C04F79EFBC}") = "AppVeyorAssemblyVersionInfoWriter.Tests", "AppVeyorAssemblyVersionInfoWriter.Tests\AppVeyorAssemblyVersionInfoWriter.Tests.csproj", "{9C6D5BDD-672F-48EC-929C-315A780F1DDC}"
EndProject
Project("{2150E333-8FDC-42A3-9474-1A3956D46DE8}") = "AppVeyor", "AppVeyor", "{7FFCEE87-C1AF-4735-BF93-ECFA320A7E34}"
	ProjectSection(SolutionItems) = preProject
		appveyor.yml = appveyor.yml
	EndProjectSection
EndProject
Global
	GlobalSection(SolutionConfigurationPlatforms) = preSolution
		Debug|Any CPU = Debug|Any CPU
		Release|Any CPU = Release|Any CPU
	EndGlobalSection
	GlobalSection(ProjectConfigurationPlatforms) = postSolution
		{19E6534A-8EBB-4885-AA4B-8B1F8285751F}.Debug|Any CPU.ActiveCfg = Debug|Any CPU
		{19E6534A-8EBB-4885-AA4B-8B1F8285751F}.Debug|Any CPU.Build.0 = Debug|Any CPU
		{19E6534A-8EBB-4885-AA4B-8B1F8285751F}.Release|Any CPU.ActiveCfg = Release|Any CPU
		{19E6534A-8EBB-4885-AA4B-8B1F8285751F}.Release|Any CPU.Build.0 = Release|Any CPU
		{9C6D5BDD-672F-48EC-929C-315A780F1DDC}.Debug|Any CPU.ActiveCfg = Debug|Any CPU
		{9C6D5BDD-672F-48EC-929C-315A780F1DDC}.Debug|Any CPU.Build.0 = Debug|Any CPU
		{9C6D5BDD-672F-48EC-929C-315A780F1DDC}.Release|Any CPU.ActiveCfg = Release|Any CPU
		{9C6D5BDD-672F-48EC-929C-315A780F1DDC}.Release|Any CPU.Build.0 = Release|Any CPU
	EndGlobalSection
	GlobalSection(SolutionProperties) = preSolution
		HideSolutionNode = FALSE
	EndGlobalSection
EndGlobal
